PODS:
  - CountryPickerView (3.0.10)

DEPENDENCIES:
  - CountryPickerView (from `../`)

EXTERNAL SOURCES:
  CountryPickerView:
    :path: "../"

SPEC CHECKSUMS:
  CountryPickerView: 05725e8cc7cb5ac347b5153144354f8220cce51d

PODFILE CHECKSUM: 649829ad9a32abd953e33364dc48a4a40a615047

COCOAPODS: 1.8.4
