PODS:
  - CountryPickerView (3.0.8)

DEPENDENCIES:
  - CountryPickerView (from `../`)

EXTERNAL SOURCES:
  CountryPickerView:
    :path: "../"

SPEC CHECKSUMS:
  CountryPickerView: d36c6fa3422671b1ba7c4d217e7367ca64de44e2

PODFILE CHECKSUM: 649829ad9a32abd953e33364dc48a4a40a615047

COCOAPODS: 1.8.4
